{
  "name": "ubibot",
  "version": "1.0.0",
  "lockfileVersion": 1,
  "requires": true,
  "dependencies": {
    "influx": {
      "version": "5.5.1",
      "resolved": "https://registry.npmjs.org/influx/-/influx-5.5.1.tgz",
      "integrity": "sha512-06kWkvKZzdk7ONBi+MydTTVcpziIfzIKcTUqXpK0Uc0KoSVye0umQYDwDPJvMJtBjiS6L2eadXI7YsnNvOxbQw=="
    }
  }
}
